%{"anubis": {:hex, :anubis, "0.1.0"},
  "chronos": {:hex, :chronos, "0.3.9"},
  "cowboy": {:hex, :cowboy, "1.0.0"},
  "cowlib": {:hex, :cowlib, "1.0.1"},
  "earmark": {:hex, :earmark, "0.1.13"},
  "obelisk": {:hex, :obelisk, "0.7.1"},
  "plug": {:hex, :plug, "0.8.4"},
  "ranch": {:hex, :ranch, "1.0.0"},
  "rss": {:hex, :rss, "0.2.1"},
  "yamerl": {:git, "git://github.com/yakaz/yamerl.git", "dd7311581f512158253238a7d3885233c338e29f", []}}
